
Microsoft Visual Studio Solution File, Format Version 12.00
# Visual Studio 2013
VisualStudioVersion = 12.0.40629.0
MinimumVisualStudioVersion = 10.0.40219.1
Project("{8BC9CEB8-8B4A-11D0-8D11-00A0C91BC942}") = "Server", "Server\Server.vcxproj", "{CEA18F7F-22A9-4FD6-ADB0-323C771DEACE}"
EndProject
Project("{8BC9CEB8-8B4A-11D0-8D11-00A0C91BC942}") = "Client", "Client\Client.vcxproj", "{EB443A94-1420-4E01-94BE-77554C2BF540}"
EndProject
Project("{8BC9CEB8-8B4A-11D0-8D11-00A0C91BC942}") = "Win32Clinet", "Win32Clinet\Win32Clinet.vcxproj", "{DB51781E-3E08-4AEC-B3A1-E0EA8E1F03BD}"
EndProject
Global
	GlobalSection(SolutionConfigurationPlatforms) = preSolution
		Debug|Win32 = Debug|Win32
		Release|Win32 = Release|Win32
	EndGlobalSection
	GlobalSection(ProjectConfigurationPlatforms) = postSolution
		{CEA18F7F-22A9-4FD6-ADB0-323C771DEACE}.Debug|Win32.ActiveCfg = Debug|Win32
		{CEA18F7F-22A9-4FD6-ADB0-323C771DEACE}.Debug|Win32.Build.0 = Debug|Win32
		{CEA18F7F-22A9-4FD6-ADB0-323C771DEACE}.Release|Win32.ActiveCfg = Release|Win32
		{CEA18F7F-22A9-4FD6-ADB0-323C771DEACE}.Release|Win32.Build.0 = Release|Win32
		{EB443A94-1420-4E01-94BE-77554C2BF540}.Debug|Win32.ActiveCfg = Debug|Win32
		{EB443A94-1420-4E01-94BE-77554C2BF540}.Debug|Win32.Build.0 = Debug|Win32
		{EB443A94-1420-4E01-94BE-77554C2BF540}.Release|Win32.ActiveCfg = Release|Win32
		{EB443A94-1420-4E01-94BE-77554C2BF540}.Release|Win32.Build.0 = Release|Win32
		{DB51781E-3E08-4AEC-B3A1-E0EA8E1F03BD}.Debug|Win32.ActiveCfg = Debug|Win32
		{DB51781E-3E08-4AEC-B3A1-E0EA8E1F03BD}.Debug|Win32.Build.0 = Debug|Win32
		{DB51781E-3E08-4AEC-B3A1-E0EA8E1F03BD}.Release|Win32.ActiveCfg = Release|Win32
		{DB51781E-3E08-4AEC-B3A1-E0EA8E1F03BD}.Release|Win32.Build.0 = Release|Win32
	EndGlobalSection
	GlobalSection(SolutionProperties) = preSolution
		HideSolutionNode = FALSE
	EndGlobalSection
EndGlobal
