<?xml version="1.0" encoding="utf-8"?>
<Project ToolsVersion="4.0" xmlns="http://schemas.microsoft.com/developer/msbuild/2003">
  <ItemGroup>
    <Filter Include="源文件">
      <UniqueIdentifier>{4FC737F1-C7A5-4376-A066-2A32D752A2FF}</UniqueIdentifier>
      <Extensions>cpp;c;cc;cxx;def;odl;idl;hpj;bat;asm;asmx</Extensions>
    </Filter>
    <Filter Include="头文件">
      <UniqueIdentifier>{93995380-89BD-4b04-88EB-625FBE52EBFB}</UniqueIdentifier>
      <Extensions>h;hh;hpp;hxx;hm;inl;inc;xsd</Extensions>
    </Filter>
    <Filter Include="资源文件">
      <UniqueIdentifier>{67DA6AB6-F800-4c08-8B7A-83BB121AAD01}</UniqueIdentifier>
      <Extensions>rc;ico;cur;bmp;dlg;rc2;rct;bin;rgs;gif;jpg;jpeg;jpe;resx;tiff;tif;png;wav;mfcribbon-ms</Extensions>
    </Filter>
  </ItemGroup>
  <ItemGroup>
    <Text Include="ReadMe.txt" />
  </ItemGroup>
  <ItemGroup>
    <ClInclude Include="Server.h">
      <Filter>头文件</Filter>
    </ClInclude>
    <ClInclude Include="ServerDlg.h">
      <Filter>头文件</Filter>
    </ClInclude>
    <ClInclude Include="stdafx.h">
      <Filter>头文件</Filter>
    </ClInclude>
    <ClInclude Include="targetver.h">
      <Filter>头文件</Filter>
    </ClInclude>
    <ClInclude Include="Resource.h">
      <Filter>头文件</Filter>
    </ClInclude>
    <ClInclude Include="SEU_QQwry.h">
      <Filter>头文件</Filter>
    </ClInclude>
    <ClInclude Include="SoftDlg.h">
      <Filter>头文件</Filter>
    </ClInclude>
    <ClInclude Include="..\Common\Buffer.h">
      <Filter>头文件</Filter>
    </ClInclude>
    <ClInclude Include="..\Common\DataStruct.h">
      <Filter>头文件</Filter>
    </ClInclude>
    <ClInclude Include="IOCPServer.h">
      <Filter>头文件</Filter>
    </ClInclude>
    <ClInclude Include="..\Common\common.h">
      <Filter>头文件</Filter>
    </ClInclude>
    <ClInclude Include="..\Common\InitSock.h">
      <Filter>头文件</Filter>
    </ClInclude>
    <ClInclude Include="..\Common\ClientManager.h">
      <Filter>头文件</Filter>
    </ClInclude>
    <ClInclude Include="ShellDlg.h">
      <Filter>头文件</Filter>
    </ClInclude>
    <ClInclude Include="FileDlg.h">
      <Filter>头文件</Filter>
    </ClInclude>
    <ClInclude Include="ScreenDlg.h">
      <Filter>头文件</Filter>
    </ClInclude>
    <ClInclude Include="ProcessDlg.h">
      <Filter>头文件</Filter>
    </ClInclude>
    <ClInclude Include="..\Common\MyThread.h">
      <Filter>头文件</Filter>
    </ClInclude>
  </ItemGroup>
  <ItemGroup>
    <ClCompile Include="Server.cpp">
      <Filter>源文件</Filter>
    </ClCompile>
    <ClCompile Include="ServerDlg.cpp">
      <Filter>源文件</Filter>
    </ClCompile>
    <ClCompile Include="stdafx.cpp">
      <Filter>源文件</Filter>
    </ClCompile>
    <ClCompile Include="SEU_QQwry.cpp">
      <Filter>源文件</Filter>
    </ClCompile>
    <ClCompile Include="SoftDlg.cpp">
      <Filter>源文件</Filter>
    </ClCompile>
    <ClCompile Include="..\Common\Buffer.cpp">
      <Filter>源文件</Filter>
    </ClCompile>
    <ClCompile Include="..\Common\DataStruct.cpp">
      <Filter>源文件</Filter>
    </ClCompile>
    <ClCompile Include="IOCPServer.cpp">
      <Filter>源文件</Filter>
    </ClCompile>
    <ClCompile Include="..\Common\common.cpp">
      <Filter>源文件</Filter>
    </ClCompile>
    <ClCompile Include="..\Common\InitSock.cpp">
      <Filter>源文件</Filter>
    </ClCompile>
    <ClCompile Include="..\Common\ClientManager.cpp">
      <Filter>源文件</Filter>
    </ClCompile>
    <ClCompile Include="ShellDlg.cpp">
      <Filter>源文件</Filter>
    </ClCompile>
    <ClCompile Include="FileDlg.cpp">
      <Filter>源文件</Filter>
    </ClCompile>
    <ClCompile Include="ScreenDlg.cpp">
      <Filter>源文件</Filter>
    </ClCompile>
    <ClCompile Include="ProcessDlg.cpp">
      <Filter>源文件</Filter>
    </ClCompile>
    <ClCompile Include="..\Common\MyThread.cpp">
      <Filter>源文件</Filter>
    </ClCompile>
  </ItemGroup>
  <ItemGroup>
    <ResourceCompile Include="Server.rc">
      <Filter>资源文件</Filter>
    </ResourceCompile>
  </ItemGroup>
  <ItemGroup>
    <None Include="res\Server.rc2">
      <Filter>资源文件</Filter>
    </None>
  </ItemGroup>
  <ItemGroup>
    <Image Include="res\Server.ico">
      <Filter>资源文件</Filter>
    </Image>
    <Image Include="res\toolbar1.bmp">
      <Filter>资源文件</Filter>
    </Image>
    <Image Include="res\icon1.ico">
      <Filter>资源文件</Filter>
    </Image>
    <Image Include="..\res\file.ico">
      <Filter>资源文件</Filter>
    </Image>
    <Image Include="..\res\pingmujiankong.ico">
      <Filter>资源文件</Filter>
    </Image>
    <Image Include="..\res\about.ico">
      <Filter>资源文件</Filter>
    </Image>
    <Image Include="..\res\close.ico">
      <Filter>资源文件</Filter>
    </Image>
    <Image Include="..\res\cmd.ico">
      <Filter>资源文件</Filter>
    </Image>
    <Image Include="..\res\spjk.ico">
      <Filter>资源文件</Filter>
    </Image>
    <Image Include="..\res\xtgl.ico">
      <Filter>资源文件</Filter>
    </Image>
    <Image Include="..\res\jpjl.ico">
      <Filter>资源文件</Filter>
    </Image>
    <Image Include="..\res\sccx.ico">
      <Filter>资源文件</Filter>
    </Image>
    <Image Include="..\res\rjsz.ico">
      <Filter>资源文件</Filter>
    </Image>
    <Image Include="..\res\kqdl.ico">
      <Filter>资源文件</Filter>
    </Image>
    <Image Include="..\res\yyjt.ico">
      <Filter>资源文件</Filter>
    </Image>
  </ItemGroup>
</Project>